// !$*UTF8*$!
{
	archiveVersion = 1;
	classes = {
	};
	objectVersion = 50;
	objects = {

/* Begin PBXBuildFile section */
		F01C07B72DABAC2F00124F05 /* SDK.hpp in Headers */ = {isa = PBXBuildFile; fileRef = F01C07B42DABAC2E00124F05 /* SDK.hpp */; };
		F01C07B82DABAC2F00124F05 /* Toolchain.hpp in Headers */ = {isa = PBXBuildFile; fileRef = F01C07B52DABAC2F00124F05 /* Toolchain.hpp */; };
		F01C07B92DABAC2F00124F05 /* SDK.cpp in Sources */ = {isa = PBXBuildFile; fileRef = F01C07B62DABAC2F00124F05 /* SDK.cpp */; };
		F03D83922D5FD733004297A4 /* main.cpp in Sources */ = {isa = PBXBuildFile; fileRef = F03D83912D5FD733004297A4 /* main.cpp */; };
		F03D83982D5FD7C1004297A4 /* xpc.cpp in Sources */ = {isa = PBXBuildFile; fileRef = F03D83972D5FD7C1004297A4 /* xpc.cpp */; };
		F04C0B982DA4F0FE002B8602 /* Platform.hpp in Headers */ = {isa = PBXBuildFile; fileRef = F04C0B952DA4F0F7002B8602 /* Platform.hpp */; };
		F04C0B992DA4F0FE002B8602 /* Keys.cpp in Sources */ = {isa = PBXBuildFile; fileRef = F04C0B962DA4F0FC002B8602 /* Keys.cpp */; };
		F04C0B9A2DA4F0FE002B8602 /* Platform.cpp in Sources */ = {isa = PBXBuildFile; fileRef = F04C0B972DA4F0FE002B8602 /* Platform.cpp */; };
		F04D0B932D74F7D400349FD5 /* BuildController.hpp in Headers */ = {isa = PBXBuildFile; fileRef = F04D0B8D2D74F7D400349FD5 /* BuildController.hpp */; };
		F04D0B952D74F7D400349FD5 /* Base.hpp in Headers */ = {isa = PBXBuildFile; fileRef = F04D0B8C2D74F7D400349FD5 /* Base.hpp */; };
		F04D0B962D74F7D400349FD5 /* DiskImage.hpp in Headers */ = {isa = PBXBuildFile; fileRef = F04D0B8E2D74F7D400349FD5 /* DiskImage.hpp */; };
		F04D0BA02D74F89F00349FD5 /* PBSupport.h in Headers */ = {isa = PBXBuildFile; fileRef = F04D0B9F2D74F89F00349FD5 /* PBSupport.h */; settings = {ATTRIBUTES = (Public, ); }; };
		F04D0BA52D74F8B700349FD5 /* PropertyList.hpp in Headers */ = {isa = PBXBuildFile; fileRef = F04D0B902D74F7D400349FD5 /* PropertyList.hpp */; settings = {ATTRIBUTES = (Public, ); }; };
		F04D0BA62D74F8C200349FD5 /* SupportBase.hpp in Headers */ = {isa = PBXBuildFile; fileRef = F04D0B912D74F7D400349FD5 /* SupportBase.hpp */; settings = {ATTRIBUTES = (Public, ); }; };
		F04D0BA72D74F95E00349FD5 /* PBSupport.framework in Frameworks */ = {isa = PBXBuildFile; fileRef = F04D0B9D2D74F89F00349FD5 /* PBSupport.framework */; };
		F04D0BA82D74F95E00349FD5 /* PBSupport.framework in Embed Frameworks */ = {isa = PBXBuildFile; fileRef = F04D0B9D2D74F89F00349FD5 /* PBSupport.framework */; settings = {ATTRIBUTES = (CodeSignOnCopy, RemoveHeadersOnCopy, ); }; };
		F04D0BAD2D74FA2700349FD5 /* File.cpp in Sources */ = {isa = PBXBuildFile; fileRef = F04D0BAC2D74FA2700349FD5 /* File.cpp */; };
		F06306312D2C70DA00351A77 /* main.cpp in Sources */ = {isa = PBXBuildFile; fileRef = F06306302D2C70DA00351A77 /* main.cpp */; };
		F0803D012D8F98FF00349FD5 /* Integer.cpp in Sources */ = {isa = PBXBuildFile; fileRef = F0803D002D8F98FF00349FD5 /* Integer.cpp */; };
		F0803D0A2D8F9B4000349FD5 /* Utils.cpp in Sources */ = {isa = PBXBuildFile; fileRef = F0DB901E2D7A5AC400349FD5 /* Utils.cpp */; };
		F0803D0B2D8F9B4600349FD5 /* String.cpp in Sources */ = {isa = PBXBuildFile; fileRef = F0DB90242D7A5C0800349FD5 /* String.cpp */; };
		F0803D0C2D8F9B4E00349FD5 /* Integer.cpp in Sources */ = {isa = PBXBuildFile; fileRef = F0803D002D8F98FF00349FD5 /* Integer.cpp */; };
		F0803D0D2D8F9B5300349FD5 /* File.cpp in Sources */ = {isa = PBXBuildFile; fileRef = F04D0BAC2D74FA2700349FD5 /* File.cpp */; };
		F0803D0E2D8F9B5900349FD5 /* Dictionary.cpp in Sources */ = {isa = PBXBuildFile; fileRef = F0DB901C2D7A5AB900349FD5 /* Dictionary.cpp */; };
		F0803D0F2D8F9B6000349FD5 /* Date.cpp in Sources */ = {isa = PBXBuildFile; fileRef = F0DB902E2D7C07B000349FD5 /* Date.cpp */; };
		F0803D102D8F9B6800349FD5 /* Data.cpp in Sources */ = {isa = PBXBuildFile; fileRef = F0F92C612D8F634E00349FD5 /* Data.cpp */; };
		F0803D112D8F9B6D00349FD5 /* Boolean.cpp in Sources */ = {isa = PBXBuildFile; fileRef = F0DB902C2D7C053600349FD5 /* Boolean.cpp */; };
		F0803D122D8F9B7500349FD5 /* Array.cpp in Sources */ = {isa = PBXBuildFile; fileRef = F0DB90282D7AC58C00349FD5 /* Array.cpp */; };
		F0803D152D8FA12E00349FD5 /* libPBSupport.a in Frameworks */ = {isa = PBXBuildFile; fileRef = F0803D062D8F9B0B00349FD5 /* libPBSupport.a */; };
		F0803D192D8FA1C800349FD5 /* libxml2.2.tbd in Frameworks */ = {isa = PBXBuildFile; fileRef = F0803D182D8FA1C000349FD5 /* libxml2.2.tbd */; };
		F09687052D6D869300349FD5 /* DevTools11.plist in Resources */ = {isa = PBXBuildFile; fileRef = F09687042D6D869300349FD5 /* DevTools11.plist */; };
		F0BFEB182D67E08400349FD5 /* Darwin19.plist in Resources */ = {isa = PBXBuildFile; fileRef = F0BFEB172D67E08400349FD5 /* Darwin19.plist */; };
		F0BFEB202D67E43900349FD5 /* main.cpp in Sources */ = {isa = PBXBuildFile; fileRef = F0BFEB1F2D67E43900349FD5 /* main.cpp */; };
		F0C65D552D21EBD000349FD5 /* ProjectBuilder.h in Headers */ = {isa = PBXBuildFile; fileRef = F0C65D542D21EBD000349FD5 /* ProjectBuilder.h */; settings = {ATTRIBUTES = (Public, ); }; };
		F0C65D622D220A2200349FD5 /* CoreFoundation.framework in Frameworks */ = {isa = PBXBuildFile; fileRef = F0D2C44D2B8AD2DE00E71E8A /* CoreFoundation.framework */; };
		F0DB901D2D7A5AB900349FD5 /* Dictionary.cpp in Sources */ = {isa = PBXBuildFile; fileRef = F0DB901C2D7A5AB900349FD5 /* Dictionary.cpp */; };
		F0DB901F2D7A5AC400349FD5 /* Utils.cpp in Sources */ = {isa = PBXBuildFile; fileRef = F0DB901E2D7A5AC400349FD5 /* Utils.cpp */; };
		F0DB90212D7A5AD500349FD5 /* BuildController.cpp in Sources */ = {isa = PBXBuildFile; fileRef = F0DB90202D7A5AD500349FD5 /* BuildController.cpp */; };
		F0DB90252D7A5C0800349FD5 /* String.cpp in Sources */ = {isa = PBXBuildFile; fileRef = F0DB90242D7A5C0800349FD5 /* String.cpp */; };
		F0DB90292D7AC58C00349FD5 /* Array.cpp in Sources */ = {isa = PBXBuildFile; fileRef = F0DB90282D7AC58C00349FD5 /* Array.cpp */; };
		F0DB902B2D7B899100349FD5 /* libxml2.2.tbd in Frameworks */ = {isa = PBXBuildFile; fileRef = F0DB902A2D7B898A00349FD5 /* libxml2.2.tbd */; };
		F0DB902D2D7C053600349FD5 /* Boolean.cpp in Sources */ = {isa = PBXBuildFile; fileRef = F0DB902C2D7C053600349FD5 /* Boolean.cpp */; };
		F0DB90302D7C07CF00349FD5 /* Date.cpp in Sources */ = {isa = PBXBuildFile; fileRef = F0DB902E2D7C07B000349FD5 /* Date.cpp */; };
		F0DB903E2D7C0B3E00349FD5 /* pbsupport_util.cpp in Sources */ = {isa = PBXBuildFile; fileRef = F0DB903C2D7C0B3E00349FD5 /* pbsupport_util.cpp */; };
		F0EFECC32D70FED000349FD5 /* Utils.cpp in Sources */ = {isa = PBXBuildFile; fileRef = F0EFECC22D70FED000349FD5 /* Utils.cpp */; };
		F0F92C622D8F634E00349FD5 /* Data.cpp in Sources */ = {isa = PBXBuildFile; fileRef = F0F92C612D8F634E00349FD5 /* Data.cpp */; };
/* End PBXBuildFile section */

/* Begin PBXContainerItemProxy section */
		F04D0BA92D74F95E00349FD5 /* PBXContainerItemProxy */ = {
			isa = PBXContainerItemProxy;
			containerPortal = F04245EF2B8066CC00418707 /* Project object */;
			proxyType = 1;
			remoteGlobalIDString = F04D0B9C2D74F89F00349FD5;
			remoteInfo = PBSupport;
		};
		F0803D132D8F9C9B00349FD5 /* PBXContainerItemProxy */ = {
			isa = PBXContainerItemProxy;
			containerPortal = F04245EF2B8066CC00418707 /* Project object */;
			proxyType = 1;
			remoteGlobalIDString = F0F92C632D8F637200349FD5;
			remoteInfo = libb64;
		};
		F0803D162D8FA12E00349FD5 /* PBXContainerItemProxy */ = {
			isa = PBXContainerItemProxy;
			containerPortal = F04245EF2B8066CC00418707 /* Project object */;
			proxyType = 1;
			remoteGlobalIDString = F0803D052D8F9B0B00349FD5;
			remoteInfo = libPBSupport;
		};
/* End PBXContainerItemProxy section */

/* Begin PBXCopyFilesBuildPhase section */
		F03D838D2D5FD733004297A4 /* CopyFiles */ = {
			isa = PBXCopyFilesBuildPhase;
			buildActionMask = 2147483647;
			dstPath = /usr/share/man/man1/;
			dstSubfolderSpec = 0;
			files = (
			);
			runOnlyForDeploymentPostprocessing = 1;
		};
		F04D0BAB2D74F95E00349FD5 /* Embed Frameworks */ = {
			isa = PBXCopyFilesBuildPhase;
			buildActionMask = 2147483647;
			dstPath = "";
			dstSubfolderSpec = 10;
			files = (
				F04D0BA82D74F95E00349FD5 /* PBSupport.framework in Embed Frameworks */,
			);
			name = "Embed Frameworks";
			runOnlyForDeploymentPostprocessing = 0;
		};
		F063062C2D2C70DA00351A77 /* CopyFiles */ = {
			isa = PBXCopyFilesBuildPhase;
			buildActionMask = 2147483647;
			dstPath = /usr/share/man/man1/;
			dstSubfolderSpec = 0;
			files = (
			);
			runOnlyForDeploymentPostprocessing = 1;
		};
		F06306492D2C76D500351A77 /* Embed XPC Services */ = {
			isa = PBXCopyFilesBuildPhase;
			buildActionMask = 2147483647;
			dstPath = "$(CONTENTS_FOLDER_PATH)/XPCServices";
			dstSubfolderSpec = 16;
			files = (
			);
			name = "Embed XPC Services";
			runOnlyForDeploymentPostprocessing = 0;
		};
		F0BFEB1B2D67E43800349FD5 /* CopyFiles */ = {
			isa = PBXCopyFilesBuildPhase;
			buildActionMask = 2147483647;
			dstPath = /usr/share/man/man1/;
			dstSubfolderSpec = 0;
			files = (
			);
			runOnlyForDeploymentPostprocessing = 1;
		};
		F0DB90332D7C0A5100349FD5 /* CopyFiles */ = {
			isa = PBXCopyFilesBuildPhase;
			buildActionMask = 2147483647;
			dstPath = /usr/share/man/man1/;
			dstSubfolderSpec = 0;
			files = (
			);
			runOnlyForDeploymentPostprocessing = 1;
		};
/* End PBXCopyFilesBuildPhase section */

/* Begin PBXFileReference section */
		F01C07B42DABAC2E00124F05 /* SDK.hpp */ = {isa = PBXFileReference; fileEncoding = 4; lastKnownFileType = sourcecode.cpp.h; path = SDK.hpp; sourceTree = "<group>"; };
		F01C07B52DABAC2F00124F05 /* Toolchain.hpp */ = {isa = PBXFileReference; fileEncoding = 4; lastKnownFileType = sourcecode.cpp.h; path = Toolchain.hpp; sourceTree = "<group>"; };
		F01C07B62DABAC2F00124F05 /* SDK.cpp */ = {isa = PBXFileReference; fileEncoding = 4; lastKnownFileType = sourcecode.cpp.cpp; path = SDK.cpp; sourceTree = "<group>"; };
		F03D838F2D5FD733004297A4 /* pbctl */ = {isa = PBXFileReference; explicitFileType = "compiled.mach-o.executable"; includeInIndex = 0; path = pbctl; sourceTree = BUILT_PRODUCTS_DIR; };
		F03D83912D5FD733004297A4 /* main.cpp */ = {isa = PBXFileReference; lastKnownFileType = sourcecode.cpp.cpp; path = main.cpp; sourceTree = "<group>"; };
		F03D83972D5FD7C1004297A4 /* xpc.cpp */ = {isa = PBXFileReference; lastKnownFileType = sourcecode.cpp.cpp; path = xpc.cpp; sourceTree = "<group>"; };
		F046EA702D6E5A7700349FD5 /* INeedASampleFileForTesting.plist */ = {isa = PBXFileReference; lastKnownFileType = text.plist.xml; path = INeedASampleFileForTesting.plist; sourceTree = "<group>"; };
		F04C0B952DA4F0F7002B8602 /* Platform.hpp */ = {isa = PBXFileReference; fileEncoding = 4; lastKnownFileType = sourcecode.cpp.h; path = Platform.hpp; sourceTree = "<group>"; };
		F04C0B962DA4F0FC002B8602 /* Keys.cpp */ = {isa = PBXFileReference; fileEncoding = 4; lastKnownFileType = sourcecode.cpp.cpp; path = Keys.cpp; sourceTree = "<group>"; };
		F04C0B972DA4F0FE002B8602 /* Platform.cpp */ = {isa = PBXFileReference; fileEncoding = 4; lastKnownFileType = sourcecode.cpp.cpp; path = Platform.cpp; sourceTree = "<group>"; };
		F04D0B8C2D74F7D400349FD5 /* Base.hpp */ = {isa = PBXFileReference; lastKnownFileType = sourcecode.cpp.h; path = Base.hpp; sourceTree = "<group>"; };
		F04D0B8D2D74F7D400349FD5 /* BuildController.hpp */ = {isa = PBXFileReference; lastKnownFileType = sourcecode.cpp.h; path = BuildController.hpp; sourceTree = "<group>"; };
		F04D0B8E2D74F7D400349FD5 /* DiskImage.hpp */ = {isa = PBXFileReference; lastKnownFileType = sourcecode.cpp.h; path = DiskImage.hpp; sourceTree = "<group>"; };
		F04D0B902D74F7D400349FD5 /* PropertyList.hpp */ = {isa = PBXFileReference; lastKnownFileType = sourcecode.cpp.h; path = PropertyList.hpp; sourceTree = "<group>"; };
		F04D0B912D74F7D400349FD5 /* SupportBase.hpp */ = {isa = PBXFileReference; lastKnownFileType = sourcecode.cpp.h; path = SupportBase.hpp; sourceTree = "<group>"; };
		F04D0B9D2D74F89F00349FD5 /* PBSupport.framework */ = {isa = PBXFileReference; explicitFileType = wrapper.framework; includeInIndex = 0; path = PBSupport.framework; sourceTree = BUILT_PRODUCTS_DIR; };
		F04D0B9F2D74F89F00349FD5 /* PBSupport.h */ = {isa = PBXFileReference; lastKnownFileType = sourcecode.c.h; path = PBSupport.h; sourceTree = "<group>"; };
		F04D0BAC2D74FA2700349FD5 /* File.cpp */ = {isa = PBXFileReference; lastKnownFileType = sourcecode.cpp.cpp; path = File.cpp; sourceTree = "<group>"; };
		F063062E2D2C70DA00351A77 /* ProjectBuilderd */ = {isa = PBXFileReference; explicitFileType = "compiled.mach-o.executable"; includeInIndex = 0; path = ProjectBuilderd; sourceTree = BUILT_PRODUCTS_DIR; };
		F06306302D2C70DA00351A77 /* main.cpp */ = {isa = PBXFileReference; lastKnownFileType = sourcecode.cpp.cpp; path = main.cpp; sourceTree = "<group>"; };
		F0803D002D8F98FF00349FD5 /* Integer.cpp */ = {isa = PBXFileReference; lastKnownFileType = sourcecode.cpp.cpp; path = Integer.cpp; sourceTree = "<group>"; };
		F0803D062D8F9B0B00349FD5 /* libPBSupport.a */ = {isa = PBXFileReference; explicitFileType = archive.ar; includeInIndex = 0; path = libPBSupport.a; sourceTree = BUILT_PRODUCTS_DIR; };
		F0803D182D8FA1C000349FD5 /* libxml2.2.tbd */ = {isa = PBXFileReference; lastKnownFileType = "sourcecode.text-based-dylib-definition"; name = libxml2.2.tbd; path = usr/lib/libxml2.2.tbd; sourceTree = SDKROOT; };
		F09687042D6D869300349FD5 /* DevTools11.plist */ = {isa = PBXFileReference; lastKnownFileType = text.plist.xml; path = DevTools11.plist; sourceTree = "<group>"; };
		F0BFEB172D67E08400349FD5 /* Darwin19.plist */ = {isa = PBXFileReference; lastKnownFileType = text.plist.xml; path = Darwin19.plist; sourceTree = "<group>"; };
		F0BFEB1D2D67E43800349FD5 /* projectbuilder */ = {isa = PBXFileReference; explicitFileType = "compiled.mach-o.executable"; includeInIndex = 0; path = projectbuilder; sourceTree = BUILT_PRODUCTS_DIR; };
		F0BFEB1F2D67E43900349FD5 /* main.cpp */ = {isa = PBXFileReference; lastKnownFileType = sourcecode.cpp.cpp; path = main.cpp; sourceTree = "<group>"; };
		F0C65D392D21EB0200349FD5 /* ProjectBuilder.framework */ = {isa = PBXFileReference; explicitFileType = wrapper.framework; includeInIndex = 0; path = ProjectBuilder.framework; sourceTree = BUILT_PRODUCTS_DIR; };
		F0C65D542D21EBD000349FD5 /* ProjectBuilder.h */ = {isa = PBXFileReference; lastKnownFileType = sourcecode.c.h; path = ProjectBuilder.h; sourceTree = "<group>"; };
		F0D2C44D2B8AD2DE00E71E8A /* CoreFoundation.framework */ = {isa = PBXFileReference; lastKnownFileType = wrapper.framework; name = CoreFoundation.framework; path = System/Library/Frameworks/CoreFoundation.framework; sourceTree = SDKROOT; };
		F0DB901C2D7A5AB900349FD5 /* Dictionary.cpp */ = {isa = PBXFileReference; lastKnownFileType = sourcecode.cpp.cpp; path = Dictionary.cpp; sourceTree = "<group>"; };
		F0DB901E2D7A5AC400349FD5 /* Utils.cpp */ = {isa = PBXFileReference; lastKnownFileType = sourcecode.cpp.cpp; path = Utils.cpp; sourceTree = "<group>"; };
		F0DB90202D7A5AD500349FD5 /* BuildController.cpp */ = {isa = PBXFileReference; lastKnownFileType = sourcecode.cpp.cpp; path = BuildController.cpp; sourceTree = "<group>"; };
		F0DB90242D7A5C0800349FD5 /* String.cpp */ = {isa = PBXFileReference; lastKnownFileType = sourcecode.cpp.cpp; path = String.cpp; sourceTree = "<group>"; };
		F0DB90282D7AC58C00349FD5 /* Array.cpp */ = {isa = PBXFileReference; lastKnownFileType = sourcecode.cpp.cpp; path = Array.cpp; sourceTree = "<group>"; };
		F0DB902A2D7B898A00349FD5 /* libxml2.2.tbd */ = {isa = PBXFileReference; lastKnownFileType = "sourcecode.text-based-dylib-definition"; name = libxml2.2.tbd; path = Platforms/iPhoneOS.platform/Developer/SDKs/iPhoneOS18.2.sdk/usr/lib/libxml2.2.tbd; sourceTree = DEVELOPER_DIR; };
		F0DB902C2D7C053600349FD5 /* Boolean.cpp */ = {isa = PBXFileReference; lastKnownFileType = sourcecode.cpp.cpp; path = Boolean.cpp; sourceTree = "<group>"; };
		F0DB902E2D7C07B000349FD5 /* Date.cpp */ = {isa = PBXFileReference; lastKnownFileType = sourcecode.cpp.cpp; path = Date.cpp; sourceTree = "<group>"; };
		F0DB90352D7C0A5100349FD5 /* PBSupportTest */ = {isa = PBXFileReference; explicitFileType = "compiled.mach-o.executable"; includeInIndex = 0; path = PBSupportTest; sourceTree = BUILT_PRODUCTS_DIR; };
		F0DB903C2D7C0B3E00349FD5 /* pbsupport_util.cpp */ = {isa = PBXFileReference; lastKnownFileType = sourcecode.cpp.cpp; path = pbsupport_util.cpp; sourceTree = "<group>"; };
		F0EA3D572D2C7FAF003B1D31 /* com.Zormeister.ProjectBuilder.plist */ = {isa = PBXFileReference; lastKnownFileType = text.plist.xml; path = com.Zormeister.ProjectBuilder.plist; sourceTree = "<group>"; };
		F0EFECC22D70FED000349FD5 /* Utils.cpp */ = {isa = PBXFileReference; lastKnownFileType = sourcecode.cpp.cpp; path = Utils.cpp; sourceTree = "<group>"; };
		F0F92C612D8F634E00349FD5 /* Data.cpp */ = {isa = PBXFileReference; lastKnownFileType = sourcecode.cpp.cpp; path = Data.cpp; sourceTree = "<group>"; };
		F0FE16582B81AEEA006B4548 /* ExamplePlist.plist */ = {isa = PBXFileReference; lastKnownFileType = text.plist.xml; path = ExamplePlist.plist; sourceTree = "<group>"; };
/* End PBXFileReference section */

/* Begin PBXFrameworksBuildPhase section */
		F03D838C2D5FD733004297A4 /* Frameworks */ = {
			isa = PBXFrameworksBuildPhase;
			buildActionMask = 2147483647;
			files = (
			);
			runOnlyForDeploymentPostprocessing = 0;
		};
		F04D0B9A2D74F89F00349FD5 /* Frameworks */ = {
			isa = PBXFrameworksBuildPhase;
			buildActionMask = 2147483647;
			files = (
				F0DB902B2D7B899100349FD5 /* libxml2.2.tbd in Frameworks */,
			);
			runOnlyForDeploymentPostprocessing = 0;
		};
		F063062B2D2C70DA00351A77 /* Frameworks */ = {
			isa = PBXFrameworksBuildPhase;
			buildActionMask = 2147483647;
			files = (
			);
			runOnlyForDeploymentPostprocessing = 0;
		};
		F0803D042D8F9B0B00349FD5 /* Frameworks */ = {
			isa = PBXFrameworksBuildPhase;
			buildActionMask = 2147483647;
			files = (
			);
			runOnlyForDeploymentPostprocessing = 0;
		};
		F0BFEB1A2D67E43800349FD5 /* Frameworks */ = {
			isa = PBXFrameworksBuildPhase;
			buildActionMask = 2147483647;
			files = (
			);
			runOnlyForDeploymentPostprocessing = 0;
		};
		F0C65D362D21EB0200349FD5 /* Frameworks */ = {
			isa = PBXFrameworksBuildPhase;
			buildActionMask = 2147483647;
			files = (
				F04D0BA72D74F95E00349FD5 /* PBSupport.framework in Frameworks */,
				F0C65D622D220A2200349FD5 /* CoreFoundation.framework in Frameworks */,
			);
			runOnlyForDeploymentPostprocessing = 0;
		};
		F0DB90322D7C0A5100349FD5 /* Frameworks */ = {
			isa = PBXFrameworksBuildPhase;
			buildActionMask = 2147483647;
			files = (
				F0803D152D8FA12E00349FD5 /* libPBSupport.a in Frameworks */,
				F0803D192D8FA1C800349FD5 /* libxml2.2.tbd in Frameworks */,
			);
			runOnlyForDeploymentPostprocessing = 0;
		};
/* End PBXFrameworksBuildPhase section */

/* Begin PBXGroup section */
		F03D83962D5FD740004297A4 /* CLI */ = {
			isa = PBXGroup;
			children = (
				F03D83912D5FD733004297A4 /* main.cpp */,
				F03D83972D5FD7C1004297A4 /* xpc.cpp */,
			);
			path = CLI;
			sourceTree = "<group>";
		};
		F04245EE2B8066CC00418707 = {
			isa = PBXGroup;
			children = (
				F046EA702D6E5A7700349FD5 /* INeedASampleFileForTesting.plist */,
				F09687032D6D866600349FD5 /* DarwinPlists */,
				F0FE16582B81AEEA006B4548 /* ExamplePlist.plist */,
				F04245F92B8066CC00418707 /* ProjectBuilder */,
				F04245F82B8066CC00418707 /* Products */,
				F0D2C44C2B8AD2DE00E71E8A /* Frameworks */,
			);
			sourceTree = "<group>";
		};
		F04245F82B8066CC00418707 /* Products */ = {
			isa = PBXGroup;
			children = (
				F0C65D392D21EB0200349FD5 /* ProjectBuilder.framework */,
				F063062E2D2C70DA00351A77 /* ProjectBuilderd */,
				F03D838F2D5FD733004297A4 /* pbctl */,
				F0BFEB1D2D67E43800349FD5 /* projectbuilder */,
				F04D0B9D2D74F89F00349FD5 /* PBSupport.framework */,
				F0DB90352D7C0A5100349FD5 /* PBSupportTest */,
				F0803D062D8F9B0B00349FD5 /* libPBSupport.a */,
			);
			name = Products;
			sourceTree = "<group>";
		};
		F04245F92B8066CC00418707 /* ProjectBuilder */ = {
			isa = PBXGroup;
			children = (
				F0BFEB472D67E44900349FD5 /* Standalone */,
				F03D83962D5FD740004297A4 /* CLI */,
				F06306352D2C70E100351A77 /* Daemon */,
				F0C65D532D21EB9800349FD5 /* Framework */,
				F0DB903D2D7C0B3E00349FD5 /* Tests */,
			);
			path = ProjectBuilder;
			sourceTree = "<group>";
		};
		F04D0B8F2D74F7D400349FD5 /* CXX */ = {
			isa = PBXGroup;
			children = (
				F0C65D542D21EBD000349FD5 /* ProjectBuilder.h */,
				F04D0B8C2D74F7D400349FD5 /* Base.hpp */,
				F0DB90202D7A5AD500349FD5 /* BuildController.cpp */,
				F04D0B8D2D74F7D400349FD5 /* BuildController.hpp */,
				F04D0B8E2D74F7D400349FD5 /* DiskImage.hpp */,
				F04C0B962DA4F0FC002B8602 /* Keys.cpp */,
				F04C0B972DA4F0FE002B8602 /* Platform.cpp */,
				F04C0B952DA4F0F7002B8602 /* Platform.hpp */,
				F01C07B62DABAC2F00124F05 /* SDK.cpp */,
				F01C07B42DABAC2E00124F05 /* SDK.hpp */,
				F01C07B52DABAC2F00124F05 /* Toolchain.hpp */,
			);
			path = CXX;
			sourceTree = "<group>";
		};
		F04D0B922D74F7D400349FD5 /* CXXSupport */ = {
			isa = PBXGroup;
			children = (
				F0DB90282D7AC58C00349FD5 /* Array.cpp */,
				F0DB902C2D7C053600349FD5 /* Boolean.cpp */,
				F0F92C612D8F634E00349FD5 /* Data.cpp */,
				F0DB902E2D7C07B000349FD5 /* Date.cpp */,
				F0DB901C2D7A5AB900349FD5 /* Dictionary.cpp */,
				F04D0BAC2D74FA2700349FD5 /* File.cpp */,
				F0803D002D8F98FF00349FD5 /* Integer.cpp */,
				F04D0B9F2D74F89F00349FD5 /* PBSupport.h */,
				F04D0B902D74F7D400349FD5 /* PropertyList.hpp */,
				F0DB90242D7A5C0800349FD5 /* String.cpp */,
				F04D0B912D74F7D400349FD5 /* SupportBase.hpp */,
				F0DB901E2D7A5AC400349FD5 /* Utils.cpp */,
			);
			path = CXXSupport;
			sourceTree = "<group>";
		};
		F06306352D2C70E100351A77 /* Daemon */ = {
			isa = PBXGroup;
			children = (
				F06306302D2C70DA00351A77 /* main.cpp */,
				F0EA3D572D2C7FAF003B1D31 /* com.Zormeister.ProjectBuilder.plist */,
			);
			path = Daemon;
			sourceTree = "<group>";
		};
		F09687032D6D866600349FD5 /* DarwinPlists */ = {
			isa = PBXGroup;
			children = (
				F09687042D6D869300349FD5 /* DevTools11.plist */,
				F0BFEB172D67E08400349FD5 /* Darwin19.plist */,
			);
			path = DarwinPlists;
			sourceTree = "<group>";
		};
		F0BFEB472D67E44900349FD5 /* Standalone */ = {
			isa = PBXGroup;
			children = (
				F0BFEB1F2D67E43900349FD5 /* main.cpp */,
				F0EFECC22D70FED000349FD5 /* Utils.cpp */,
			);
			path = Standalone;
			sourceTree = "<group>";
		};
		F0C65D532D21EB9800349FD5 /* Framework */ = {
			isa = PBXGroup;
			children = (
				F04D0B8F2D74F7D400349FD5 /* CXX */,
				F04D0B922D74F7D400349FD5 /* CXXSupport */,
			);
			path = Framework;
			sourceTree = "<group>";
		};
		F0D2C44C2B8AD2DE00E71E8A /* Frameworks */ = {
			isa = PBXGroup;
			children = (
				F0DB902A2D7B898A00349FD5 /* libxml2.2.tbd */,
				F0803D182D8FA1C000349FD5 /* libxml2.2.tbd */,
				F0D2C44D2B8AD2DE00E71E8A /* CoreFoundation.framework */,
			);
			name = Frameworks;
			sourceTree = "<group>";
		};
		F0DB903D2D7C0B3E00349FD5 /* Tests */ = {
			isa = PBXGroup;
			children = (
				F0DB903C2D7C0B3E00349FD5 /* pbsupport_util.cpp */,
			);
			path = Tests;
			sourceTree = "<group>";
		};
/* End PBXGroup section */

/* Begin PBXHeadersBuildPhase section */
		F04D0B982D74F89F00349FD5 /* Headers */ = {
			isa = PBXHeadersBuildPhase;
			buildActionMask = 2147483647;
			files = (
				F04D0BA62D74F8C200349FD5 /* SupportBase.hpp in Headers */,
				F04D0BA02D74F89F00349FD5 /* PBSupport.h in Headers */,
				F04D0BA52D74F8B700349FD5 /* PropertyList.hpp in Headers */,
			);
			runOnlyForDeploymentPostprocessing = 0;
		};
		F0803D022D8F9B0B00349FD5 /* Headers */ = {
			isa = PBXHeadersBuildPhase;
			buildActionMask = 2147483647;
			files = (
			);
			runOnlyForDeploymentPostprocessing = 0;
		};
		F0C65D342D21EB0200349FD5 /* Headers */ = {
			isa = PBXHeadersBuildPhase;
			buildActionMask = 2147483647;
			files = (
				F0C65D552D21EBD000349FD5 /* ProjectBuilder.h in Headers */,
				F01C07B82DABAC2F00124F05 /* Toolchain.hpp in Headers */,
				F04D0B932D74F7D400349FD5 /* BuildController.hpp in Headers */,
				F04D0B952D74F7D400349FD5 /* Base.hpp in Headers */,
				F01C07B72DABAC2F00124F05 /* SDK.hpp in Headers */,
				F04D0B962D74F7D400349FD5 /* DiskImage.hpp in Headers */,
				F04C0B982DA4F0FE002B8602 /* Platform.hpp in Headers */,
			);
			runOnlyForDeploymentPostprocessing = 0;
		};
/* End PBXHeadersBuildPhase section */

/* Begin PBXLegacyTarget section */
		F0F92C632D8F637200349FD5 /* libb64 */ = {
			isa = PBXLegacyTarget;
			buildArgumentsString = all_src;
			buildConfigurationList = F0F92C642D8F637200349FD5 /* Build configuration list for PBXLegacyTarget "libb64" */;
			buildPhases = (
			);
			buildToolPath = /usr/bin/make;
			buildWorkingDirectory = "$(PROJECT_DIR)/External/libb64";
			dependencies = (
			);
			name = libb64;
			packageProductDependencies = (
			);
			passBuildSettingsInEnvironment = 1;
			productName = libb64;
		};
/* End PBXLegacyTarget section */

/* Begin PBXNativeTarget section */
		F03D838E2D5FD733004297A4 /* pbctl */ = {
			isa = PBXNativeTarget;
			buildConfigurationList = F03D83932D5FD733004297A4 /* Build configuration list for PBXNativeTarget "pbctl" */;
			buildPhases = (
				F03D838B2D5FD733004297A4 /* Sources */,
				F03D838C2D5FD733004297A4 /* Frameworks */,
				F03D838D2D5FD733004297A4 /* CopyFiles */,
			);
			buildRules = (
			);
			dependencies = (
			);
			name = pbctl;
			productName = pbctl;
			productReference = F03D838F2D5FD733004297A4 /* pbctl */;
			productType = "com.apple.product-type.tool";
		};
		F04D0B9C2D74F89F00349FD5 /* PBSupport */ = {
			isa = PBXNativeTarget;
			buildConfigurationList = F04D0BA22D74F89F00349FD5 /* Build configuration list for PBXNativeTarget "PBSupport" */;
			buildPhases = (
				F04D0B982D74F89F00349FD5 /* Headers */,
				F04D0B992D74F89F00349FD5 /* Sources */,
				F04D0B9A2D74F89F00349FD5 /* Frameworks */,
				F04D0B9B2D74F89F00349FD5 /* Resources */,
			);
			buildRules = (
			);
			dependencies = (
				F0803D142D8F9C9B00349FD5 /* PBXTargetDependency */,
			);
			name = PBSupport;
			packageProductDependencies = (
			);
			productName = PBSupport;
			productReference = F04D0B9D2D74F89F00349FD5 /* PBSupport.framework */;
			productType = "com.apple.product-type.framework";
		};
		F063062D2D2C70DA00351A77 /* ProjectBuilderd */ = {
			isa = PBXNativeTarget;
			buildConfigurationList = F06306322D2C70DA00351A77 /* Build configuration list for PBXNativeTarget "ProjectBuilderd" */;
			buildPhases = (
				F063062A2D2C70DA00351A77 /* Sources */,
				F063062B2D2C70DA00351A77 /* Frameworks */,
				F063062C2D2C70DA00351A77 /* CopyFiles */,
			);
			buildRules = (
			);
			dependencies = (
			);
			name = ProjectBuilderd;
			productName = ProjectBuilderd;
			productReference = F063062E2D2C70DA00351A77 /* ProjectBuilderd */;
			productType = "com.apple.product-type.tool";
		};
		F0803D052D8F9B0B00349FD5 /* libPBSupport */ = {
			isa = PBXNativeTarget;
			buildConfigurationList = F0803D072D8F9B0B00349FD5 /* Build configuration list for PBXNativeTarget "libPBSupport" */;
			buildPhases = (
				F0803D022D8F9B0B00349FD5 /* Headers */,
				F0803D032D8F9B0B00349FD5 /* Sources */,
				F0803D042D8F9B0B00349FD5 /* Frameworks */,
			);
			buildRules = (
			);
			dependencies = (
			);
			name = libPBSupport;
			packageProductDependencies = (
			);
			productName = PBSupport_static;
			productReference = F0803D062D8F9B0B00349FD5 /* libPBSupport.a */;
			productType = "com.apple.product-type.library.static";
		};
		F0BFEB1C2D67E43800349FD5 /* projectbuilder */ = {
			isa = PBXNativeTarget;
			buildConfigurationList = F0BFEB212D67E43900349FD5 /* Build configuration list for PBXNativeTarget "projectbuilder" */;
			buildPhases = (
				F0BFEB192D67E43800349FD5 /* Sources */,
				F0BFEB1A2D67E43800349FD5 /* Frameworks */,
				F0BFEB1B2D67E43800349FD5 /* CopyFiles */,
			);
			buildRules = (
			);
			dependencies = (
			);
			name = projectbuilder;
			packageProductDependencies = (
			);
			productName = projectbuilder;
			productReference = F0BFEB1D2D67E43800349FD5 /* projectbuilder */;
			productType = "com.apple.product-type.tool";
		};
		F0C65D382D21EB0200349FD5 /* ProjectBuilder */ = {
			isa = PBXNativeTarget;
			buildConfigurationList = F0C65D402D21EB0200349FD5 /* Build configuration list for PBXNativeTarget "ProjectBuilder" */;
			buildPhases = (
				F0C65D342D21EB0200349FD5 /* Headers */,
				F0C65D352D21EB0200349FD5 /* Sources */,
				F0C65D362D21EB0200349FD5 /* Frameworks */,
				F0C65D372D21EB0200349FD5 /* Resources */,
				F06306492D2C76D500351A77 /* Embed XPC Services */,
				F04D0BAB2D74F95E00349FD5 /* Embed Frameworks */,
			);
			buildRules = (
			);
			dependencies = (
				F04D0BAA2D74F95E00349FD5 /* PBXTargetDependency */,
			);
			name = ProjectBuilder;
			packageProductDependencies = (
			);
			productName = ProjectBuilder;
			productReference = F0C65D392D21EB0200349FD5 /* ProjectBuilder.framework */;
			productType = "com.apple.product-type.framework";
		};
		F0DB90342D7C0A5100349FD5 /* PBSupportTest */ = {
			isa = PBXNativeTarget;
			buildConfigurationList = F0DB90392D7C0A5100349FD5 /* Build configuration list for PBXNativeTarget "PBSupportTest" */;
			buildPhases = (
				F0DB90312D7C0A5100349FD5 /* Sources */,
				F0DB90322D7C0A5100349FD5 /* Frameworks */,
				F0DB90332D7C0A5100349FD5 /* CopyFiles */,
			);
			buildRules = (
			);
			dependencies = (
				F0803D172D8FA12E00349FD5 /* PBXTargetDependency */,
			);
			name = PBSupportTest;
			packageProductDependencies = (
			);
			productName = PBSupportTest;
			productReference = F0DB90352D7C0A5100349FD5 /* PBSupportTest */;
			productType = "com.apple.product-type.tool";
		};
/* End PBXNativeTarget section */

/* Begin PBXProject section */
		F04245EF2B8066CC00418707 /* Project object */ = {
			isa = PBXProject;
			attributes = {
				LastUpgradeCheck = 1500;
				TargetAttributes = {
					F03D838E2D5FD733004297A4 = {
						CreatedOnToolsVersion = 14.2;
					};
					F04D0B9C2D74F89F00349FD5 = {
						CreatedOnToolsVersion = 16.2;
					};
					F063062D2D2C70DA00351A77 = {
						CreatedOnToolsVersion = 14.2;
					};
					F0803D052D8F9B0B00349FD5 = {
						CreatedOnToolsVersion = 16.2;
					};
					F0BFEB1C2D67E43800349FD5 = {
						CreatedOnToolsVersion = 16.2;
					};
					F0C65D382D21EB0200349FD5 = {
						CreatedOnToolsVersion = 16.2;
					};
					F0DB90342D7C0A5100349FD5 = {
						CreatedOnToolsVersion = 16.2;
					};
					F0F92C632D8F637200349FD5 = {
						CreatedOnToolsVersion = 16.2;
					};
				};
			};
			buildConfigurationList = F04245F22B8066CC00418707 /* Build configuration list for PBXProject "ProjectBuilder" */;
			compatibilityVersion = "Xcode 9.3";
			developmentRegion = en;
			hasScannedForEncodings = 0;
			knownRegions = (
				en,
				Base,
			);
			mainGroup = F04245EE2B8066CC00418707;
			productRefGroup = F04245F82B8066CC00418707 /* Products */;
			projectDirPath = "";
			projectRoot = "";
			targets = (
				F0C65D382D21EB0200349FD5 /* ProjectBuilder */,
				F063062D2D2C70DA00351A77 /* ProjectBuilderd */,
				F03D838E2D5FD733004297A4 /* pbctl */,
				F0BFEB1C2D67E43800349FD5 /* projectbuilder */,
				F04D0B9C2D74F89F00349FD5 /* PBSupport */,
				F0DB90342D7C0A5100349FD5 /* PBSupportTest */,
				F0F92C632D8F637200349FD5 /* libb64 */,
				F0803D052D8F9B0B00349FD5 /* libPBSupport */,
			);
		};
/* End PBXProject section */

/* Begin PBXResourcesBuildPhase section */
		F04D0B9B2D74F89F00349FD5 /* Resources */ = {
			isa = PBXResourcesBuildPhase;
			buildActionMask = 2147483647;
			files = (
			);
			runOnlyForDeploymentPostprocessing = 0;
		};
		F0C65D372D21EB0200349FD5 /* Resources */ = {
			isa = PBXResourcesBuildPhase;
			buildActionMask = 2147483647;
			files = (
				F09687052D6D869300349FD5 /* DevTools11.plist in Resources */,
				F0BFEB182D67E08400349FD5 /* Darwin19.plist in Resources */,
			);
			runOnlyForDeploymentPostprocessing = 0;
		};
/* End PBXResourcesBuildPhase section */

/* Begin PBXSourcesBuildPhase section */
		F03D838B2D5FD733004297A4 /* Sources */ = {
			isa = PBXSourcesBuildPhase;
			buildActionMask = 2147483647;
			files = (
				F03D83922D5FD733004297A4 /* main.cpp in Sources */,
				F03D83982D5FD7C1004297A4 /* xpc.cpp in Sources */,
			);
			runOnlyForDeploymentPostprocessing = 0;
		};
		F04D0B992D74F89F00349FD5 /* Sources */ = {
			isa = PBXSourcesBuildPhase;
			buildActionMask = 2147483647;
			files = (
				F04D0BAD2D74FA2700349FD5 /* File.cpp in Sources */,
				F0DB901F2D7A5AC400349FD5 /* Utils.cpp in Sources */,
				F0DB90252D7A5C0800349FD5 /* String.cpp in Sources */,
				F0F92C622D8F634E00349FD5 /* Data.cpp in Sources */,
				F0803D012D8F98FF00349FD5 /* Integer.cpp in Sources */,
				F0DB901D2D7A5AB900349FD5 /* Dictionary.cpp in Sources */,
				F0DB90302D7C07CF00349FD5 /* Date.cpp in Sources */,
				F0DB902D2D7C053600349FD5 /* Boolean.cpp in Sources */,
				F0DB90292D7AC58C00349FD5 /* Array.cpp in Sources */,
			);
			runOnlyForDeploymentPostprocessing = 0;
		};
		F063062A2D2C70DA00351A77 /* Sources */ = {
			isa = PBXSourcesBuildPhase;
			buildActionMask = 2147483647;
			files = (
				F06306312D2C70DA00351A77 /* main.cpp in Sources */,
			);
			runOnlyForDeploymentPostprocessing = 0;
		};
		F0803D032D8F9B0B00349FD5 /* Sources */ = {
			isa = PBXSourcesBuildPhase;
			buildActionMask = 2147483647;
			files = (
				F0803D0B2D8F9B4600349FD5 /* String.cpp in Sources */,
				F0803D0D2D8F9B5300349FD5 /* File.cpp in Sources */,
				F0803D122D8F9B7500349FD5 /* Array.cpp in Sources */,
				F0803D102D8F9B6800349FD5 /* Data.cpp in Sources */,
				F0803D0C2D8F9B4E00349FD5 /* Integer.cpp in Sources */,
				F0803D112D8F9B6D00349FD5 /* Boolean.cpp in Sources */,
				F0803D0F2D8F9B6000349FD5 /* Date.cpp in Sources */,
				F0803D0E2D8F9B5900349FD5 /* Dictionary.cpp in Sources */,
				F0803D0A2D8F9B4000349FD5 /* Utils.cpp in Sources */,
			);
			runOnlyForDeploymentPostprocessing = 0;
		};
		F0BFEB192D67E43800349FD5 /* Sources */ = {
			isa = PBXSourcesBuildPhase;
			buildActionMask = 2147483647;
			files = (
				F0EFECC32D70FED000349FD5 /* Utils.cpp in Sources */,
				F0BFEB202D67E43900349FD5 /* main.cpp in Sources */,
			);
			runOnlyForDeploymentPostprocessing = 0;
		};
		F0C65D352D21EB0200349FD5 /* Sources */ = {
			isa = PBXSourcesBuildPhase;
			buildActionMask = 2147483647;
			files = (
				F0DB90212D7A5AD500349FD5 /* BuildController.cpp in Sources */,
				F04C0B9A2DA4F0FE002B8602 /* Platform.cpp in Sources */,
				F01C07B92DABAC2F00124F05 /* SDK.cpp in Sources */,
				F04C0B992DA4F0FE002B8602 /* Keys.cpp in Sources */,
			);
			runOnlyForDeploymentPostprocessing = 0;
		};
		F0DB90312D7C0A5100349FD5 /* Sources */ = {
			isa = PBXSourcesBuildPhase;
			buildActionMask = 2147483647;
			files = (
				F0DB903E2D7C0B3E00349FD5 /* pbsupport_util.cpp in Sources */,
			);
			runOnlyForDeploymentPostprocessing = 0;
		};
/* End PBXSourcesBuildPhase section */

/* Begin PBXTargetDependency section */
		F04D0BAA2D74F95E00349FD5 /* PBXTargetDependency */ = {
			isa = PBXTargetDependency;
			target = F04D0B9C2D74F89F00349FD5 /* PBSupport */;
			targetProxy = F04D0BA92D74F95E00349FD5 /* PBXContainerItemProxy */;
		};
		F0803D142D8F9C9B00349FD5 /* PBXTargetDependency */ = {
			isa = PBXTargetDependency;
			target = F0F92C632D8F637200349FD5 /* libb64 */;
			targetProxy = F0803D132D8F9C9B00349FD5 /* PBXContainerItemProxy */;
		};
		F0803D172D8FA12E00349FD5 /* PBXTargetDependency */ = {
			isa = PBXTargetDependency;
			target = F0803D052D8F9B0B00349FD5 /* libPBSupport */;
			targetProxy = F0803D162D8FA12E00349FD5 /* PBXContainerItemProxy */;
		};
/* End PBXTargetDependency section */

/* Begin XCBuildConfiguration section */
		F03D83942D5FD733004297A4 /* Debug */ = {
			isa = XCBuildConfiguration;
			buildSettings = {
				CODE_SIGN_STYLE = Automatic;
				GCC_C_LANGUAGE_STANDARD = gnu11;
				MACOSX_DEPLOYMENT_TARGET = 10.15;
				PRODUCT_NAME = "$(TARGET_NAME)";
			};
			name = Debug;
		};
		F03D83952D5FD733004297A4 /* Release */ = {
			isa = XCBuildConfiguration;
			buildSettings = {
				CODE_SIGN_STYLE = Automatic;
				GCC_C_LANGUAGE_STANDARD = gnu11;
				MACOSX_DEPLOYMENT_TARGET = 10.15;
				PRODUCT_NAME = "$(TARGET_NAME)";
			};
			name = Release;
		};
		F04245FC2B8066CC00418707 /* Debug */ = {
			isa = XCBuildConfiguration;
			buildSettings = {
				ALWAYS_SEARCH_USER_PATHS = NO;
				ARCHS = x86_64;
				ASSETCATALOG_COMPILER_GENERATE_SWIFT_ASSET_SYMBOL_EXTENSIONS = YES;
				CLANG_ANALYZER_NONNULL = YES;
				CLANG_ANALYZER_NUMBER_OBJECT_CONVERSION = YES_AGGRESSIVE;
				CLANG_CXX_LANGUAGE_STANDARD = "gnu++20";
				CLANG_ENABLE_MODULES = YES;
				CLANG_ENABLE_OBJC_ARC = YES;
				CLANG_ENABLE_OBJC_WEAK = YES;
				CLANG_WARN_BLOCK_CAPTURE_AUTORELEASING = YES;
				CLANG_WARN_BOOL_CONVERSION = YES;
				CLANG_WARN_COMMA = YES;
				CLANG_WARN_CONSTANT_CONVERSION = YES;
				CLANG_WARN_DEPRECATED_OBJC_IMPLEMENTATIONS = YES;
				CLANG_WARN_DIRECT_OBJC_ISA_USAGE = YES_ERROR;
				CLANG_WARN_DOCUMENTATION_COMMENTS = YES;
				CLANG_WARN_EMPTY_BODY = YES;
				CLANG_WARN_ENUM_CONVERSION = YES;
				CLANG_WARN_INFINITE_RECURSION = YES;
				CLANG_WARN_INT_CONVERSION = YES;
				CLANG_WARN_NON_LITERAL_NULL_CONVERSION = YES;
				CLANG_WARN_OBJC_IMPLICIT_RETAIN_SELF = YES;
				CLANG_WARN_OBJC_LITERAL_CONVERSION = YES;
				CLANG_WARN_OBJC_ROOT_CLASS = YES_ERROR;
				CLANG_WARN_QUOTED_INCLUDE_IN_FRAMEWORK_HEADER = YES;
				CLANG_WARN_RANGE_LOOP_ANALYSIS = YES;
				CLANG_WARN_STRICT_PROTOTYPES = YES;
				CLANG_WARN_SUSPICIOUS_MOVE = YES;
				CLANG_WARN_UNGUARDED_AVAILABILITY = YES_AGGRESSIVE;
				CLANG_WARN_UNREACHABLE_CODE = YES;
				CLANG_WARN__DUPLICATE_METHOD_MATCH = YES;
				COPY_PHASE_STRIP = NO;
				DEBUG_INFORMATION_FORMAT = dwarf;
				ENABLE_STRICT_OBJC_MSGSEND = YES;
				ENABLE_TESTABILITY = YES;
				ENABLE_USER_SCRIPT_SANDBOXING = YES;
				GCC_C_LANGUAGE_STANDARD = gnu17;
				GCC_DYNAMIC_NO_PIC = NO;
				GCC_NO_COMMON_BLOCKS = YES;
				GCC_OPTIMIZATION_LEVEL = 0;
				GCC_PREPROCESSOR_DEFINITIONS = (
					"DEBUG=1",
					"$(inherited)",
				);
				GCC_WARN_64_TO_32_BIT_CONVERSION = YES;
				GCC_WARN_ABOUT_RETURN_TYPE = YES_ERROR;
				GCC_WARN_UNDECLARED_SELECTOR = YES;
				GCC_WARN_UNINITIALIZED_AUTOS = YES_AGGRESSIVE;
				GCC_WARN_UNUSED_FUNCTION = YES;
				GCC_WARN_UNUSED_VARIABLE = YES;
				HEADER_SEARCH_PATHS = "${PROJECT_DIR}/External/libb64/include";
				LIBRARY_SEARCH_PATHS = "${PROJECT_DIR}/External/libb64/src";
				LOCALIZATION_PREFERS_STRING_CATALOGS = YES;
				MACOSX_DEPLOYMENT_TARGET = 10.15;
				MTL_ENABLE_DEBUG_INFO = INCLUDE_SOURCE;
				MTL_FAST_MATH = YES;
				ONLY_ACTIVE_ARCH = YES;
				OTHER_LDFLAGS = "";
				SDKROOT = macosx;
			};
			name = Debug;
		};
		F04245FD2B8066CC00418707 /* Release */ = {
			isa = XCBuildConfiguration;
			buildSettings = {
				ALWAYS_SEARCH_USER_PATHS = NO;
				ARCHS = x86_64;
				ASSETCATALOG_COMPILER_GENERATE_SWIFT_ASSET_SYMBOL_EXTENSIONS = YES;
				CLANG_ANALYZER_NONNULL = YES;
				CLANG_ANALYZER_NUMBER_OBJECT_CONVERSION = YES_AGGRESSIVE;
				CLANG_CXX_LANGUAGE_STANDARD = "gnu++20";
				CLANG_ENABLE_MODULES = YES;
				CLANG_ENABLE_OBJC_ARC = YES;
				CLANG_ENABLE_OBJC_WEAK = YES;
				CLANG_WARN_BLOCK_CAPTURE_AUTORELEASING = YES;
				CLANG_WARN_BOOL_CONVERSION = YES;
				CLANG_WARN_COMMA = YES;
				CLANG_WARN_CONSTANT_CONVERSION = YES;
				CLANG_WARN_DEPRECATED_OBJC_IMPLEMENTATIONS = YES;
				CLANG_WARN_DIRECT_OBJC_ISA_USAGE = YES_ERROR;
				CLANG_WARN_DOCUMENTATION_COMMENTS = YES;
				CLANG_WARN_EMPTY_BODY = YES;
				CLANG_WARN_ENUM_CONVERSION = YES;
				CLANG_WARN_INFINITE_RECURSION = YES;
				CLANG_WARN_INT_CONVERSION = YES;
				CLANG_WARN_NON_LITERAL_NULL_CONVERSION = YES;
				CLANG_WARN_OBJC_IMPLICIT_RETAIN_SELF = YES;
				CLANG_WARN_OBJC_LITERAL_CONVERSION = YES;
				CLANG_WARN_OBJC_ROOT_CLASS = YES_ERROR;
				CLANG_WARN_QUOTED_INCLUDE_IN_FRAMEWORK_HEADER = YES;
				CLANG_WARN_RANGE_LOOP_ANALYSIS = YES;
				CLANG_WARN_STRICT_PROTOTYPES = YES;
				CLANG_WARN_SUSPICIOUS_MOVE = YES;
				CLANG_WARN_UNGUARDED_AVAILABILITY = YES_AGGRESSIVE;
				CLANG_WARN_UNREACHABLE_CODE = YES;
				CLANG_WARN__DUPLICATE_METHOD_MATCH = YES;
				COPY_PHASE_STRIP = NO;
				DEBUG_INFORMATION_FORMAT = "dwarf-with-dsym";
				ENABLE_NS_ASSERTIONS = NO;
				ENABLE_STRICT_OBJC_MSGSEND = YES;
				ENABLE_USER_SCRIPT_SANDBOXING = YES;
				GCC_C_LANGUAGE_STANDARD = gnu17;
				GCC_NO_COMMON_BLOCKS = YES;
				GCC_WARN_64_TO_32_BIT_CONVERSION = YES;
				GCC_WARN_ABOUT_RETURN_TYPE = YES_ERROR;
				GCC_WARN_UNDECLARED_SELECTOR = YES;
				GCC_WARN_UNINITIALIZED_AUTOS = YES_AGGRESSIVE;
				GCC_WARN_UNUSED_FUNCTION = YES;
				GCC_WARN_UNUSED_VARIABLE = YES;
				HEADER_SEARCH_PATHS = "${PROJECT_DIR}/External/libb64/include";
				LIBRARY_SEARCH_PATHS = "${PROJECT_DIR}/External/libb64/src";
				LOCALIZATION_PREFERS_STRING_CATALOGS = YES;
				MACOSX_DEPLOYMENT_TARGET = 10.15;
				MTL_ENABLE_DEBUG_INFO = NO;
				MTL_FAST_MATH = YES;
				OTHER_LDFLAGS = "";
				SDKROOT = macosx;
			};
			name = Release;
		};
		F04D0BA32D74F89F00349FD5 /* Debug */ = {
			isa = XCBuildConfiguration;
			buildSettings = {
				ALLOW_TARGET_PLATFORM_SPECIALIZATION = YES;
				BUILD_LIBRARY_FOR_DISTRIBUTION = YES;
				CLANG_CXX_LANGUAGE_STANDARD = "gnu++17";
				CODE_SIGN_STYLE = Automatic;
				CURRENT_PROJECT_VERSION = 1;
				DEFINES_MODULE = YES;
				DYLIB_COMPATIBILITY_VERSION = 1;
				DYLIB_CURRENT_VERSION = 1;
				DYLIB_INSTALL_NAME_BASE = "@rpath";
				ENABLE_MODULE_VERIFIER = YES;
				GENERATE_INFOPLIST_FILE = YES;
				HEADER_SEARCH_PATHS = "${PROJECT_DIR}/External/libb64/include";
				INFOPLIST_KEY_NSHumanReadableCopyright = "";
				INSTALL_PATH = "$(LOCAL_LIBRARY_DIR)/Frameworks";
				IPHONEOS_DEPLOYMENT_TARGET = 18.2;
				LD_RUNPATH_SEARCH_PATHS = (
					"@executable_path/Frameworks",
					"@loader_path/Frameworks",
				);
				"LD_RUNPATH_SEARCH_PATHS[sdk=macosx*]" = (
					"@executable_path/../Frameworks",
					"@loader_path/Frameworks",
				);
				LIBRARY_SEARCH_PATHS = "${PROJECT_DIR}/External/libb64/src";
				MACOSX_DEPLOYMENT_TARGET = 10.15;
				MARKETING_VERSION = 1.0;
				MODULE_VERIFIER_SUPPORTED_LANGUAGES = "objective-c objective-c++";
				MODULE_VERIFIER_SUPPORTED_LANGUAGE_STANDARDS = "gnu17 gnu++20";
				OTHER_LDFLAGS = "-lb64";
				PRODUCT_BUNDLE_IDENTIFIER = com.Zormeister.PBSupport;
				PRODUCT_NAME = "$(TARGET_NAME:c99extidentifier)";
				SDKROOT = "";
				SKIP_INSTALL = YES;
				SUPPORTED_PLATFORMS = macosx;
				SUPPORTS_MACCATALYST = NO;
				SWIFT_ACTIVE_COMPILATION_CONDITIONS = "DEBUG $(inherited)";
				SWIFT_EMIT_LOC_STRINGS = YES;
				SWIFT_INSTALL_OBJC_HEADER = NO;
				SWIFT_OPTIMIZATION_LEVEL = "-Onone";
				SWIFT_VERSION = 5.0;
				VERSIONING_SYSTEM = "apple-generic";
				VERSION_INFO_PREFIX = "";
				XROS_DEPLOYMENT_TARGET = 2.2;
			};
			name = Debug;
		};
		F04D0BA42D74F89F00349FD5 /* Release */ = {
			isa = XCBuildConfiguration;
			buildSettings = {
				ALLOW_TARGET_PLATFORM_SPECIALIZATION = YES;
				BUILD_LIBRARY_FOR_DISTRIBUTION = YES;
				CLANG_CXX_LANGUAGE_STANDARD = "gnu++17";
				CODE_SIGN_STYLE = Automatic;
				CURRENT_PROJECT_VERSION = 1;
				DEFINES_MODULE = YES;
				DYLIB_COMPATIBILITY_VERSION = 1;
				DYLIB_CURRENT_VERSION = 1;
				DYLIB_INSTALL_NAME_BASE = "@rpath";
				ENABLE_MODULE_VERIFIER = YES;
				GENERATE_INFOPLIST_FILE = YES;
				HEADER_SEARCH_PATHS = "${PROJECT_DIR}/External/libb64/include";
				INFOPLIST_KEY_NSHumanReadableCopyright = "";
				INSTALL_PATH = "$(LOCAL_LIBRARY_DIR)/Frameworks";
				IPHONEOS_DEPLOYMENT_TARGET = 18.2;
				LD_RUNPATH_SEARCH_PATHS = (
					"@executable_path/Frameworks",
					"@loader_path/Frameworks",
				);
				"LD_RUNPATH_SEARCH_PATHS[sdk=macosx*]" = (
					"@executable_path/../Frameworks",
					"@loader_path/Frameworks",
				);
				LIBRARY_SEARCH_PATHS = "${PROJECT_DIR}/External/libb64/src";
				MACOSX_DEPLOYMENT_TARGET = 10.15;
				MARKETING_VERSION = 1.0;
				MODULE_VERIFIER_SUPPORTED_LANGUAGES = "objective-c objective-c++";
				MODULE_VERIFIER_SUPPORTED_LANGUAGE_STANDARDS = "gnu17 gnu++20";
				OTHER_LDFLAGS = "-lb64";
				PRODUCT_BUNDLE_IDENTIFIER = com.Zormeister.PBSupport;
				PRODUCT_NAME = "$(TARGET_NAME:c99extidentifier)";
				SDKROOT = "";
				SKIP_INSTALL = YES;
				SUPPORTED_PLATFORMS = macosx;
				SUPPORTS_MACCATALYST = NO;
				SWIFT_COMPILATION_MODE = wholemodule;
				SWIFT_EMIT_LOC_STRINGS = YES;
				SWIFT_INSTALL_OBJC_HEADER = NO;
				SWIFT_VERSION = 5.0;
				VERSIONING_SYSTEM = "apple-generic";
				VERSION_INFO_PREFIX = "";
				XROS_DEPLOYMENT_TARGET = 2.2;
			};
			name = Release;
		};
		F06306332D2C70DA00351A77 /* Debug */ = {
			isa = XCBuildConfiguration;
			buildSettings = {
				CODE_SIGN_STYLE = Automatic;
				GCC_C_LANGUAGE_STANDARD = gnu11;
				MACOSX_DEPLOYMENT_TARGET = 10.15;
				PRODUCT_NAME = "$(TARGET_NAME)";
			};
			name = Debug;
		};
		F06306342D2C70DA00351A77 /* Release */ = {
			isa = XCBuildConfiguration;
			buildSettings = {
				CODE_SIGN_STYLE = Automatic;
				GCC_C_LANGUAGE_STANDARD = gnu11;
				MACOSX_DEPLOYMENT_TARGET = 10.15;
				PRODUCT_NAME = "$(TARGET_NAME)";
			};
			name = Release;
		};
		F0803D082D8F9B0B00349FD5 /* Debug */ = {
			isa = XCBuildConfiguration;
			buildSettings = {
				CODE_SIGN_STYLE = Automatic;
				EXECUTABLE_PREFIX = "";
				MACOSX_DEPLOYMENT_TARGET = 10.15;
				OTHER_LDFLAGS = "-lb64";
				PRODUCT_NAME = "$(TARGET_NAME)";
				SKIP_INSTALL = YES;
			};
			name = Debug;
		};
		F0803D092D8F9B0B00349FD5 /* Release */ = {
			isa = XCBuildConfiguration;
			buildSettings = {
				CODE_SIGN_STYLE = Automatic;
				EXECUTABLE_PREFIX = "";
				MACOSX_DEPLOYMENT_TARGET = 10.15;
				OTHER_LDFLAGS = "-lb64";
				PRODUCT_NAME = "$(TARGET_NAME)";
				SKIP_INSTALL = YES;
			};
			name = Release;
		};
		F0BFEB222D67E43900349FD5 /* Debug */ = {
			isa = XCBuildConfiguration;
			buildSettings = {
				CODE_SIGN_STYLE = Automatic;
				MACOSX_DEPLOYMENT_TARGET = 10.15;
				PRODUCT_NAME = "$(TARGET_NAME)";
			};
			name = Debug;
		};
		F0BFEB232D67E43900349FD5 /* Release */ = {
			isa = XCBuildConfiguration;
			buildSettings = {
				CODE_SIGN_STYLE = Automatic;
				MACOSX_DEPLOYMENT_TARGET = 10.15;
				PRODUCT_NAME = "$(TARGET_NAME)";
			};
			name = Release;
		};
		F0C65D3D2D21EB0200349FD5 /* Debug */ = {
			isa = XCBuildConfiguration;
			buildSettings = {
				CODE_SIGN_STYLE = Automatic;
				COMBINE_HIDPI_IMAGES = YES;
				CURRENT_PROJECT_VERSION = 1;
				DEFINES_MODULE = YES;
				DYLIB_COMPATIBILITY_VERSION = 1;
				DYLIB_CURRENT_VERSION = 1;
				DYLIB_INSTALL_NAME_BASE = "@rpath";
				ENABLE_MODULE_VERIFIER = YES;
				GENERATE_INFOPLIST_FILE = YES;
				INFOPLIST_KEY_NSHumanReadableCopyright = "";
				INSTALL_PATH = "$(LOCAL_LIBRARY_DIR)/Frameworks";
				LD_RUNPATH_SEARCH_PATHS = (
					"$(inherited)",
					"@executable_path/../Frameworks",
					"@loader_path/Frameworks",
				);
				MACOSX_DEPLOYMENT_TARGET = 10.15;
				MARKETING_VERSION = 1.0;
				MODULE_VERIFIER_SUPPORTED_LANGUAGES = "objective-c objective-c++";
				MODULE_VERIFIER_SUPPORTED_LANGUAGE_STANDARDS = "gnu17 gnu++20";
				PRODUCT_BUNDLE_IDENTIFIER = com.Zormeister.ProjectBuilder;
				PRODUCT_NAME = "$(TARGET_NAME:c99extidentifier)";
				SKIP_INSTALL = YES;
				SWIFT_EMIT_LOC_STRINGS = YES;
				VERSIONING_SYSTEM = "apple-generic";
				VERSION_INFO_PREFIX = "";
			};
			name = Debug;
		};
		F0C65D3E2D21EB0200349FD5 /* Release */ = {
			isa = XCBuildConfiguration;
			buildSettings = {
				CODE_SIGN_STYLE = Automatic;
				COMBINE_HIDPI_IMAGES = YES;
				CURRENT_PROJECT_VERSION = 1;
				DEFINES_MODULE = YES;
				DYLIB_COMPATIBILITY_VERSION = 1;
				DYLIB_CURRENT_VERSION = 1;
				DYLIB_INSTALL_NAME_BASE = "@rpath";
				ENABLE_MODULE_VERIFIER = YES;
				GENERATE_INFOPLIST_FILE = YES;
				INFOPLIST_KEY_NSHumanReadableCopyright = "";
				INSTALL_PATH = "$(LOCAL_LIBRARY_DIR)/Frameworks";
				LD_RUNPATH_SEARCH_PATHS = (
					"$(inherited)",
					"@executable_path/../Frameworks",
					"@loader_path/Frameworks",
				);
				MACOSX_DEPLOYMENT_TARGET = 10.15;
				MARKETING_VERSION = 1.0;
				MODULE_VERIFIER_SUPPORTED_LANGUAGES = "objective-c objective-c++";
				MODULE_VERIFIER_SUPPORTED_LANGUAGE_STANDARDS = "gnu17 gnu++20";
				PRODUCT_BUNDLE_IDENTIFIER = com.Zormeister.ProjectBuilder;
				PRODUCT_NAME = "$(TARGET_NAME:c99extidentifier)";
				SKIP_INSTALL = YES;
				SWIFT_EMIT_LOC_STRINGS = YES;
				VERSIONING_SYSTEM = "apple-generic";
				VERSION_INFO_PREFIX = "";
			};
			name = Release;
		};
		F0DB903A2D7C0A5100349FD5 /* Debug */ = {
			isa = XCBuildConfiguration;
			buildSettings = {
				CODE_SIGN_STYLE = Automatic;
				MACOSX_DEPLOYMENT_TARGET = 10.15;
				OTHER_LDFLAGS = "-lb64";
				PRODUCT_NAME = "$(TARGET_NAME)";
			};
			name = Debug;
		};
		F0DB903B2D7C0A5100349FD5 /* Release */ = {
			isa = XCBuildConfiguration;
			buildSettings = {
				CODE_SIGN_STYLE = Automatic;
				MACOSX_DEPLOYMENT_TARGET = 10.15;
				OTHER_LDFLAGS = "-lb64";
				PRODUCT_NAME = "$(TARGET_NAME)";
			};
			name = Release;
		};
		F0F92C652D8F637200349FD5 /* Debug */ = {
			isa = XCBuildConfiguration;
			buildSettings = {
				CODE_SIGN_STYLE = Automatic;
				DEBUGGING_SYMBOLS = YES;
				DEBUG_INFORMATION_FORMAT = dwarf;
				GCC_GENERATE_DEBUGGING_SYMBOLS = YES;
				GCC_OPTIMIZATION_LEVEL = 0;
				OTHER_CFLAGS = "";
				OTHER_LDFLAGS = "";
				PRODUCT_NAME = "$(TARGET_NAME)";
			};
			name = Debug;
		};
		F0F92C662D8F637200349FD5 /* Release */ = {
			isa = XCBuildConfiguration;
			buildSettings = {
				CODE_SIGN_STYLE = Automatic;
				DEBUG_INFORMATION_FORMAT = "dwarf-with-dsym";
				OTHER_CFLAGS = "";
				OTHER_LDFLAGS = "";
				PRODUCT_NAME = "$(TARGET_NAME)";
			};
			name = Release;
		};
/* End XCBuildConfiguration section */

/* Begin XCConfigurationList section */
		F03D83932D5FD733004297A4 /* Build configuration list for PBXNativeTarget "pbctl" */ = {
			isa = XCConfigurationList;
			buildConfigurations = (
				F03D83942D5FD733004297A4 /* Debug */,
				F03D83952D5FD733004297A4 /* Release */,
			);
			defaultConfigurationIsVisible = 0;
			defaultConfigurationName = Release;
		};
		F04245F22B8066CC00418707 /* Build configuration list for PBXProject "ProjectBuilder" */ = {
			isa = XCConfigurationList;
			buildConfigurations = (
				F04245FC2B8066CC00418707 /* Debug */,
				F04245FD2B8066CC00418707 /* Release */,
			);
			defaultConfigurationIsVisible = 0;
			defaultConfigurationName = Release;
		};
		F04D0BA22D74F89F00349FD5 /* Build configuration list for PBXNativeTarget "PBSupport" */ = {
			isa = XCConfigurationList;
			buildConfigurations = (
				F04D0BA32D74F89F00349FD5 /* Debug */,
				F04D0BA42D74F89F00349FD5 /* Release */,
			);
			defaultConfigurationIsVisible = 0;
			defaultConfigurationName = Release;
		};
		F06306322D2C70DA00351A77 /* Build configuration list for PBXNativeTarget "ProjectBuilderd" */ = {
			isa = XCConfigurationList;
			buildConfigurations = (
				F06306332D2C70DA00351A77 /* Debug */,
				F06306342D2C70DA00351A77 /* Release */,
			);
			defaultConfigurationIsVisible = 0;
			defaultConfigurationName = Release;
		};
		F0803D072D8F9B0B00349FD5 /* Build configuration list for PBXNativeTarget "libPBSupport" */ = {
			isa = XCConfigurationList;
			buildConfigurations = (
				F0803D082D8F9B0B00349FD5 /* Debug */,
				F0803D092D8F9B0B00349FD5 /* Release */,
			);
			defaultConfigurationIsVisible = 0;
			defaultConfigurationName = Release;
		};
		F0BFEB212D67E43900349FD5 /* Build configuration list for PBXNativeTarget "projectbuilder" */ = {
			isa = XCConfigurationList;
			buildConfigurations = (
				F0BFEB222D67E43900349FD5 /* Debug */,
				F0BFEB232D67E43900349FD5 /* Release */,
			);
			defaultConfigurationIsVisible = 0;
			defaultConfigurationName = Release;
		};
		F0C65D402D21EB0200349FD5 /* Build configuration list for PBXNativeTarget "ProjectBuilder" */ = {
			isa = XCConfigurationList;
			buildConfigurations = (
				F0C65D3D2D21EB0200349FD5 /* Debug */,
				F0C65D3E2D21EB0200349FD5 /* Release */,
			);
			defaultConfigurationIsVisible = 0;
			defaultConfigurationName = Release;
		};
		F0DB90392D7C0A5100349FD5 /* Build configuration list for PBXNativeTarget "PBSupportTest" */ = {
			isa = XCConfigurationList;
			buildConfigurations = (
				F0DB903A2D7C0A5100349FD5 /* Debug */,
				F0DB903B2D7C0A5100349FD5 /* Release */,
			);
			defaultConfigurationIsVisible = 0;
			defaultConfigurationName = Release;
		};
		F0F92C642D8F637200349FD5 /* Build configuration list for PBXLegacyTarget "libb64" */ = {
			isa = XCConfigurationList;
			buildConfigurations = (
				F0F92C652D8F637200349FD5 /* Debug */,
				F0F92C662D8F637200349FD5 /* Release */,
			);
			defaultConfigurationIsVisible = 0;
			defaultConfigurationName = Release;
		};
/* End XCConfigurationList section */
	};
	rootObject = F04245EF2B8066CC00418707 /* Project object */;
}
