// !$*UTF8*$!
{
	archiveVersion = 1;
	classes = {
	};
	objectVersion = 54;
	objects = {

/* Begin PBXBuildFile section */
		F04245FB2B8066CC00418707 /* main.cpp in Sources */ = {isa = PBXBuildFile; fileRef = F04245FA2B8066CC00418707 /* main.cpp */; };
		F0884D5C2BB3582B00716DF5 /* libplist++-2.0.dylib in Frameworks */ = {isa = PBXBuildFile; fileRef = F0884D5B2BB3582B00716DF5 /* libplist++-2.0.dylib */; };
		F0884D5F2BB359A800716DF5 /* libplist++-2.0.dylib in Embed Frameworks */ = {isa = PBXBuildFile; fileRef = F0884D5B2BB3582B00716DF5 /* libplist++-2.0.dylib */; };
		F0884D612BB359BA00716DF5 /* libplist-2.0.dylib in Frameworks */ = {isa = PBXBuildFile; fileRef = F0884D602BB359BA00716DF5 /* libplist-2.0.dylib */; };
		F0884D622BB359BA00716DF5 /* libplist-2.0.dylib in Embed Frameworks */ = {isa = PBXBuildFile; fileRef = F0884D602BB359BA00716DF5 /* libplist-2.0.dylib */; };
		F0D2C44F2B8AD2E400E71E8A /* CoreFoundation.framework in Frameworks */ = {isa = PBXBuildFile; fileRef = F0D2C44D2B8AD2DE00E71E8A /* CoreFoundation.framework */; };
		F0D2C4502B8AD2E400E71E8A /* CoreFoundation.framework in Embed Frameworks */ = {isa = PBXBuildFile; fileRef = F0D2C44D2B8AD2DE00E71E8A /* CoreFoundation.framework */; settings = {ATTRIBUTES = (RemoveHeadersOnCopy, ); }; };
/* End PBXBuildFile section */

/* Begin PBXCopyFilesBuildPhase section */
		F04245F52B8066CC00418707 /* CopyFiles */ = {
			isa = PBXCopyFilesBuildPhase;
			buildActionMask = 2147483647;
			dstPath = /usr/share/man/man1/;
			dstSubfolderSpec = 0;
			files = (
			);
			runOnlyForDeploymentPostprocessing = 1;
		};
		F0D2C4512B8AD2E400E71E8A /* Embed Frameworks */ = {
			isa = PBXCopyFilesBuildPhase;
			buildActionMask = 2147483647;
			dstPath = "";
			dstSubfolderSpec = 10;
			files = (
				F0884D622BB359BA00716DF5 /* libplist-2.0.dylib in Embed Frameworks */,
				F0884D5F2BB359A800716DF5 /* libplist++-2.0.dylib in Embed Frameworks */,
				F0D2C4502B8AD2E400E71E8A /* CoreFoundation.framework in Embed Frameworks */,
			);
			name = "Embed Frameworks";
			runOnlyForDeploymentPostprocessing = 0;
		};
/* End PBXCopyFilesBuildPhase section */

/* Begin PBXFileReference section */
		F04245F72B8066CC00418707 /* projectbuilder */ = {isa = PBXFileReference; explicitFileType = "compiled.mach-o.executable"; includeInIndex = 0; path = projectbuilder; sourceTree = BUILT_PRODUCTS_DIR; };
		F04245FA2B8066CC00418707 /* main.cpp */ = {isa = PBXFileReference; lastKnownFileType = sourcecode.cpp.cpp; path = main.cpp; sourceTree = "<group>"; };
		F0884D5B2BB3582B00716DF5 /* libplist++-2.0.dylib */ = {isa = PBXFileReference; lastKnownFileType = "compiled.mach-o.dylib"; name = "libplist++-2.0.dylib"; path = "external/libplist++-2.0.dylib"; sourceTree = "<group>"; };
		F0884D602BB359BA00716DF5 /* libplist-2.0.dylib */ = {isa = PBXFileReference; lastKnownFileType = "compiled.mach-o.dylib"; name = "libplist-2.0.dylib"; path = "external/libplist-2.0.dylib"; sourceTree = "<group>"; };
		F0AC237D2BAF757600737EE0 /* COPYING */ = {isa = PBXFileReference; lastKnownFileType = text; path = COPYING; sourceTree = "<group>"; };
		F0D2C44D2B8AD2DE00E71E8A /* CoreFoundation.framework */ = {isa = PBXFileReference; lastKnownFileType = wrapper.framework; name = CoreFoundation.framework; path = System/Library/Frameworks/CoreFoundation.framework; sourceTree = SDKROOT; };
		F0FE16582B81AEEA006B4548 /* ExamplePlist.plist */ = {isa = PBXFileReference; lastKnownFileType = text.plist.xml; path = ExamplePlist.plist; sourceTree = "<group>"; };
/* End PBXFileReference section */

/* Begin PBXFrameworksBuildPhase section */
		F04245F42B8066CC00418707 /* Frameworks */ = {
			isa = PBXFrameworksBuildPhase;
			buildActionMask = 2147483647;
			files = (
				F0884D612BB359BA00716DF5 /* libplist-2.0.dylib in Frameworks */,
				F0884D5C2BB3582B00716DF5 /* libplist++-2.0.dylib in Frameworks */,
				F0D2C44F2B8AD2E400E71E8A /* CoreFoundation.framework in Frameworks */,
			);
			runOnlyForDeploymentPostprocessing = 0;
		};
/* End PBXFrameworksBuildPhase section */

/* Begin PBXGroup section */
		F04245EE2B8066CC00418707 = {
			isa = PBXGroup;
			children = (
				F0AC237D2BAF757600737EE0 /* COPYING */,
				F0FE16582B81AEEA006B4548 /* ExamplePlist.plist */,
				F04245F92B8066CC00418707 /* projectbuilder */,
				F04245F82B8066CC00418707 /* Products */,
				F0D2C44C2B8AD2DE00E71E8A /* Frameworks */,
			);
			sourceTree = "<group>";
		};
		F04245F82B8066CC00418707 /* Products */ = {
			isa = PBXGroup;
			children = (
				F04245F72B8066CC00418707 /* projectbuilder */,
			);
			name = Products;
			sourceTree = "<group>";
		};
		F04245F92B8066CC00418707 /* projectbuilder */ = {
			isa = PBXGroup;
			children = (
				F04245FA2B8066CC00418707 /* main.cpp */,
			);
			path = projectbuilder;
			sourceTree = "<group>";
		};
		F0D2C44C2B8AD2DE00E71E8A /* Frameworks */ = {
			isa = PBXGroup;
			children = (
				F0884D602BB359BA00716DF5 /* libplist-2.0.dylib */,
				F0884D5B2BB3582B00716DF5 /* libplist++-2.0.dylib */,
				F0D2C44D2B8AD2DE00E71E8A /* CoreFoundation.framework */,
			);
			name = Frameworks;
			sourceTree = "<group>";
		};
/* End PBXGroup section */

/* Begin PBXNativeTarget section */
		F04245F62B8066CC00418707 /* projectbuilder */ = {
			isa = PBXNativeTarget;
			buildConfigurationList = F04245FE2B8066CC00418707 /* Build configuration list for PBXNativeTarget "projectbuilder" */;
			buildPhases = (
				F04245F32B8066CC00418707 /* Sources */,
				F0884D5A2BB356FF00716DF5 /* ShellScript */,
				F04245F42B8066CC00418707 /* Frameworks */,
				F04245F52B8066CC00418707 /* CopyFiles */,
				F0D2C4512B8AD2E400E71E8A /* Embed Frameworks */,
			);
			buildRules = (
			);
			dependencies = (
			);
			name = projectbuilder;
			productName = projectbuilder;
			productReference = F04245F72B8066CC00418707 /* projectbuilder */;
			productType = "com.apple.product-type.tool";
		};
/* End PBXNativeTarget section */

/* Begin PBXProject section */
		F04245EF2B8066CC00418707 /* Project object */ = {
			isa = PBXProject;
			attributes = {
				BuildIndependentTargetsInParallel = 1;
				LastUpgradeCheck = 1500;
				TargetAttributes = {
					F04245F62B8066CC00418707 = {
						CreatedOnToolsVersion = 15.0.1;
					};
				};
			};
			buildConfigurationList = F04245F22B8066CC00418707 /* Build configuration list for PBXProject "projectbuilder" */;
			compatibilityVersion = "Xcode 12.0";
			developmentRegion = en;
			hasScannedForEncodings = 0;
			knownRegions = (
				en,
				Base,
			);
			mainGroup = F04245EE2B8066CC00418707;
			productRefGroup = F04245F82B8066CC00418707 /* Products */;
			projectDirPath = "";
			projectRoot = "";
			targets = (
				F04245F62B8066CC00418707 /* projectbuilder */,
			);
		};
/* End PBXProject section */

/* Begin PBXShellScriptBuildPhase section */
		F0884D5A2BB356FF00716DF5 /* ShellScript */ = {
			isa = PBXShellScriptBuildPhase;
			buildActionMask = 2147483647;
			files = (
			);
			inputFileListPaths = (
			);
			inputPaths = (
			);
			outputFileListPaths = (
			);
			outputPaths = (
				"${PROJECT_DIR}/external/libplist++-2.0.4.dylib",
			);
			runOnlyForDeploymentPostprocessing = 0;
			shellPath = /bin/bash;
			shellScript = "${PROJECT_DIR}/external/buildlibs.sh\n";
		};
/* End PBXShellScriptBuildPhase section */

/* Begin PBXSourcesBuildPhase section */
		F04245F32B8066CC00418707 /* Sources */ = {
			isa = PBXSourcesBuildPhase;
			buildActionMask = 2147483647;
			files = (
				F04245FB2B8066CC00418707 /* main.cpp in Sources */,
			);
			runOnlyForDeploymentPostprocessing = 0;
		};
/* End PBXSourcesBuildPhase section */

/* Begin XCBuildConfiguration section */
		F04245FC2B8066CC00418707 /* Debug */ = {
			isa = XCBuildConfiguration;
			buildSettings = {
				ALWAYS_SEARCH_USER_PATHS = NO;
				ARCHS = x86_64;
				ASSETCATALOG_COMPILER_GENERATE_SWIFT_ASSET_SYMBOL_EXTENSIONS = YES;
				CLANG_ANALYZER_NONNULL = YES;
				CLANG_ANALYZER_NUMBER_OBJECT_CONVERSION = YES_AGGRESSIVE;
				CLANG_CXX_LANGUAGE_STANDARD = "gnu++20";
				CLANG_ENABLE_MODULES = YES;
				CLANG_ENABLE_OBJC_ARC = YES;
				CLANG_ENABLE_OBJC_WEAK = YES;
				CLANG_WARN_BLOCK_CAPTURE_AUTORELEASING = YES;
				CLANG_WARN_BOOL_CONVERSION = YES;
				CLANG_WARN_COMMA = YES;
				CLANG_WARN_CONSTANT_CONVERSION = YES;
				CLANG_WARN_DEPRECATED_OBJC_IMPLEMENTATIONS = YES;
				CLANG_WARN_DIRECT_OBJC_ISA_USAGE = YES_ERROR;
				CLANG_WARN_DOCUMENTATION_COMMENTS = YES;
				CLANG_WARN_EMPTY_BODY = YES;
				CLANG_WARN_ENUM_CONVERSION = YES;
				CLANG_WARN_INFINITE_RECURSION = YES;
				CLANG_WARN_INT_CONVERSION = YES;
				CLANG_WARN_NON_LITERAL_NULL_CONVERSION = YES;
				CLANG_WARN_OBJC_IMPLICIT_RETAIN_SELF = YES;
				CLANG_WARN_OBJC_LITERAL_CONVERSION = YES;
				CLANG_WARN_OBJC_ROOT_CLASS = YES_ERROR;
				CLANG_WARN_QUOTED_INCLUDE_IN_FRAMEWORK_HEADER = YES;
				CLANG_WARN_RANGE_LOOP_ANALYSIS = YES;
				CLANG_WARN_STRICT_PROTOTYPES = YES;
				CLANG_WARN_SUSPICIOUS_MOVE = YES;
				CLANG_WARN_UNGUARDED_AVAILABILITY = YES_AGGRESSIVE;
				CLANG_WARN_UNREACHABLE_CODE = YES;
				CLANG_WARN__DUPLICATE_METHOD_MATCH = YES;
				COPY_PHASE_STRIP = NO;
				DEBUG_INFORMATION_FORMAT = dwarf;
				ENABLE_STRICT_OBJC_MSGSEND = YES;
				ENABLE_TESTABILITY = YES;
				ENABLE_USER_SCRIPT_SANDBOXING = YES;
				GCC_C_LANGUAGE_STANDARD = gnu17;
				GCC_DYNAMIC_NO_PIC = NO;
				GCC_NO_COMMON_BLOCKS = YES;
				GCC_OPTIMIZATION_LEVEL = 0;
				GCC_PREPROCESSOR_DEFINITIONS = (
					"DEBUG=1",
					"$(inherited)",
				);
				GCC_WARN_64_TO_32_BIT_CONVERSION = YES;
				GCC_WARN_ABOUT_RETURN_TYPE = YES_ERROR;
				GCC_WARN_UNDECLARED_SELECTOR = YES;
				GCC_WARN_UNINITIALIZED_AUTOS = YES_AGGRESSIVE;
				GCC_WARN_UNUSED_FUNCTION = YES;
				GCC_WARN_UNUSED_VARIABLE = YES;
				HEADER_SEARCH_PATHS = "${PROJECT_DIR}/external/libplist/include";
				LIBRARY_SEARCH_PATHS = "${PROJECT_DIR}/external/libplist/**";
				LOCALIZATION_PREFERS_STRING_CATALOGS = YES;
				MACOSX_DEPLOYMENT_TARGET = 10.15;
				MTL_ENABLE_DEBUG_INFO = INCLUDE_SOURCE;
				MTL_FAST_MATH = YES;
				ONLY_ACTIVE_ARCH = YES;
				OTHER_LDFLAGS = "";
				SDKROOT = macosx;
			};
			name = Debug;
		};
		F04245FD2B8066CC00418707 /* Release */ = {
			isa = XCBuildConfiguration;
			buildSettings = {
				ALWAYS_SEARCH_USER_PATHS = NO;
				ARCHS = x86_64;
				ASSETCATALOG_COMPILER_GENERATE_SWIFT_ASSET_SYMBOL_EXTENSIONS = YES;
				CLANG_ANALYZER_NONNULL = YES;
				CLANG_ANALYZER_NUMBER_OBJECT_CONVERSION = YES_AGGRESSIVE;
				CLANG_CXX_LANGUAGE_STANDARD = "gnu++20";
				CLANG_ENABLE_MODULES = YES;
				CLANG_ENABLE_OBJC_ARC = YES;
				CLANG_ENABLE_OBJC_WEAK = YES;
				CLANG_WARN_BLOCK_CAPTURE_AUTORELEASING = YES;
				CLANG_WARN_BOOL_CONVERSION = YES;
				CLANG_WARN_COMMA = YES;
				CLANG_WARN_CONSTANT_CONVERSION = YES;
				CLANG_WARN_DEPRECATED_OBJC_IMPLEMENTATIONS = YES;
				CLANG_WARN_DIRECT_OBJC_ISA_USAGE = YES_ERROR;
				CLANG_WARN_DOCUMENTATION_COMMENTS = YES;
				CLANG_WARN_EMPTY_BODY = YES;
				CLANG_WARN_ENUM_CONVERSION = YES;
				CLANG_WARN_INFINITE_RECURSION = YES;
				CLANG_WARN_INT_CONVERSION = YES;
				CLANG_WARN_NON_LITERAL_NULL_CONVERSION = YES;
				CLANG_WARN_OBJC_IMPLICIT_RETAIN_SELF = YES;
				CLANG_WARN_OBJC_LITERAL_CONVERSION = YES;
				CLANG_WARN_OBJC_ROOT_CLASS = YES_ERROR;
				CLANG_WARN_QUOTED_INCLUDE_IN_FRAMEWORK_HEADER = YES;
				CLANG_WARN_RANGE_LOOP_ANALYSIS = YES;
				CLANG_WARN_STRICT_PROTOTYPES = YES;
				CLANG_WARN_SUSPICIOUS_MOVE = YES;
				CLANG_WARN_UNGUARDED_AVAILABILITY = YES_AGGRESSIVE;
				CLANG_WARN_UNREACHABLE_CODE = YES;
				CLANG_WARN__DUPLICATE_METHOD_MATCH = YES;
				COPY_PHASE_STRIP = NO;
				DEBUG_INFORMATION_FORMAT = "dwarf-with-dsym";
				ENABLE_NS_ASSERTIONS = NO;
				ENABLE_STRICT_OBJC_MSGSEND = YES;
				ENABLE_USER_SCRIPT_SANDBOXING = YES;
				GCC_C_LANGUAGE_STANDARD = gnu17;
				GCC_NO_COMMON_BLOCKS = YES;
				GCC_WARN_64_TO_32_BIT_CONVERSION = YES;
				GCC_WARN_ABOUT_RETURN_TYPE = YES_ERROR;
				GCC_WARN_UNDECLARED_SELECTOR = YES;
				GCC_WARN_UNINITIALIZED_AUTOS = YES_AGGRESSIVE;
				GCC_WARN_UNUSED_FUNCTION = YES;
				GCC_WARN_UNUSED_VARIABLE = YES;
				HEADER_SEARCH_PATHS = "${PROJECT_DIR}/external/libplist/include";
				LIBRARY_SEARCH_PATHS = "${PROJECT_DIR}/external/libplist/**";
				LOCALIZATION_PREFERS_STRING_CATALOGS = YES;
				MACOSX_DEPLOYMENT_TARGET = 10.15;
				MTL_ENABLE_DEBUG_INFO = NO;
				MTL_FAST_MATH = YES;
				OTHER_LDFLAGS = "";
				SDKROOT = macosx;
			};
			name = Release;
		};
		F04245FF2B8066CC00418707 /* Debug */ = {
			isa = XCBuildConfiguration;
			buildSettings = {
				ARCHS = x86_64;
				CLANG_CXX_LANGUAGE_STANDARD = "c++20";
				CODE_SIGN_ENTITLEMENTS = projectbuilder/projectbuilderDebug.entitlements;
				CODE_SIGN_STYLE = Automatic;
				ENABLE_USER_SCRIPT_SANDBOXING = NO;
				GCC_C_LANGUAGE_STANDARD = c11;
				LIBRARY_SEARCH_PATHS = "$(PROJECT_DIR)/external";
				MACOSX_DEPLOYMENT_TARGET = 10.13;
				OTHER_LDFLAGS = "";
				PRODUCT_NAME = "$(TARGET_NAME)";
				STRINGS_FILE_OUTPUT_ENCODING = "UTF-8";
			};
			name = Debug;
		};
		F04246002B8066CC00418707 /* Release */ = {
			isa = XCBuildConfiguration;
			buildSettings = {
				ARCHS = x86_64;
				CLANG_CXX_LANGUAGE_STANDARD = "c++20";
				CODE_SIGN_ENTITLEMENTS = projectbuilder/projectbuilder.entitlements;
				CODE_SIGN_STYLE = Automatic;
				ENABLE_USER_SCRIPT_SANDBOXING = NO;
				GCC_C_LANGUAGE_STANDARD = c11;
				LIBRARY_SEARCH_PATHS = (
					"$(inherited)",
					"$(PROJECT_DIR)/external",
				);
				MACOSX_DEPLOYMENT_TARGET = 10.13;
				OTHER_LDFLAGS = "";
				PRODUCT_NAME = "$(TARGET_NAME)";
				STRINGS_FILE_OUTPUT_ENCODING = "UTF-8";
			};
			name = Release;
		};
/* End XCBuildConfiguration section */

/* Begin XCConfigurationList section */
		F04245F22B8066CC00418707 /* Build configuration list for PBXProject "projectbuilder" */ = {
			isa = XCConfigurationList;
			buildConfigurations = (
				F04245FC2B8066CC00418707 /* Debug */,
				F04245FD2B8066CC00418707 /* Release */,
			);
			defaultConfigurationIsVisible = 0;
			defaultConfigurationName = Release;
		};
		F04245FE2B8066CC00418707 /* Build configuration list for PBXNativeTarget "projectbuilder" */ = {
			isa = XCConfigurationList;
			buildConfigurations = (
				F04245FF2B8066CC00418707 /* Debug */,
				F04246002B8066CC00418707 /* Release */,
			);
			defaultConfigurationIsVisible = 0;
			defaultConfigurationName = Release;
		};
/* End XCConfigurationList section */
	};
	rootObject = F04245EF2B8066CC00418707 /* Project object */;
}
